
Microsoft Visual Studio Solution File, Format Version 12.00
# Visual Studio 15
VisualStudioVersion = 15.0.26124.0
MinimumVisualStudioVersion = 15.0.26124.0
Project("{FAE04EC0-301F-11D3-BF4B-00C04F79EFBC}") = "AiEngine", "AiEngine\AiEngine.csproj", "{7AE95C99-36CE-457E-8A28-57CFE53A431A}"
EndProject
Project("{FAE04EC0-301F-11D3-BF4B-00C04F79EFBC}") = "AiEngine.Tests", "AiEngine.Tests\AiEngine.Tests.csproj", "{C0668AC9-F762-40E6-BA12-284552291450}"
EndProject
Project("{FAE04EC0-301F-11D3-BF4B-00C04F79EFBC}") = "Runner.Console", "Runner.Console\Runner.Console.csproj", "{914BA3DC-73CD-4F6F-B4C2-9F8CCD978AD9}"
EndProject
Global
	GlobalSection(SolutionConfigurationPlatforms) = preSolution
		Debug|Any CPU = Debug|Any CPU
		Debug|x64 = Debug|x64
		Debug|x86 = Debug|x86
		Release|Any CPU = Release|Any CPU
		Release|x64 = Release|x64
		Release|x86 = Release|x86
	EndGlobalSection
	GlobalSection(SolutionProperties) = preSolution
		HideSolutionNode = FALSE
	EndGlobalSection
	GlobalSection(ProjectConfigurationPlatforms) = postSolution
		{7AE95C99-36CE-457E-8A28-57CFE53A431A}.Debug|Any CPU.ActiveCfg = Debug|Any CPU
		{7AE95C99-36CE-457E-8A28-57CFE53A431A}.Debug|Any CPU.Build.0 = Debug|Any CPU
		{7AE95C99-36CE-457E-8A28-57CFE53A431A}.Debug|x64.ActiveCfg = Debug|Any CPU
		{7AE95C99-36CE-457E-8A28-57CFE53A431A}.Debug|x64.Build.0 = Debug|Any CPU
		{7AE95C99-36CE-457E-8A28-57CFE53A431A}.Debug|x86.ActiveCfg = Debug|Any CPU
		{7AE95C99-36CE-457E-8A28-57CFE53A431A}.Debug|x86.Build.0 = Debug|Any CPU
		{7AE95C99-36CE-457E-8A28-57CFE53A431A}.Release|Any CPU.ActiveCfg = Release|Any CPU
		{7AE95C99-36CE-457E-8A28-57CFE53A431A}.Release|Any CPU.Build.0 = Release|Any CPU
		{7AE95C99-36CE-457E-8A28-57CFE53A431A}.Release|x64.ActiveCfg = Release|Any CPU
		{7AE95C99-36CE-457E-8A28-57CFE53A431A}.Release|x64.Build.0 = Release|Any CPU
		{7AE95C99-36CE-457E-8A28-57CFE53A431A}.Release|x86.ActiveCfg = Release|Any CPU
		{7AE95C99-36CE-457E-8A28-57CFE53A431A}.Release|x86.Build.0 = Release|Any CPU
		{C0668AC9-F762-40E6-BA12-284552291450}.Debug|Any CPU.ActiveCfg = Debug|Any CPU
		{C0668AC9-F762-40E6-BA12-284552291450}.Debug|Any CPU.Build.0 = Debug|Any CPU
		{C0668AC9-F762-40E6-BA12-284552291450}.Debug|x64.ActiveCfg = Debug|Any CPU
		{C0668AC9-F762-40E6-BA12-284552291450}.Debug|x64.Build.0 = Debug|Any CPU
		{C0668AC9-F762-40E6-BA12-284552291450}.Debug|x86.ActiveCfg = Debug|Any CPU
		{C0668AC9-F762-40E6-BA12-284552291450}.Debug|x86.Build.0 = Debug|Any CPU
		{C0668AC9-F762-40E6-BA12-284552291450}.Release|Any CPU.ActiveCfg = Release|Any CPU
		{C0668AC9-F762-40E6-BA12-284552291450}.Release|Any CPU.Build.0 = Release|Any CPU
		{C0668AC9-F762-40E6-BA12-284552291450}.Release|x64.ActiveCfg = Release|Any CPU
		{C0668AC9-F762-40E6-BA12-284552291450}.Release|x64.Build.0 = Release|Any CPU
		{C0668AC9-F762-40E6-BA12-284552291450}.Release|x86.ActiveCfg = Release|Any CPU
		{C0668AC9-F762-40E6-BA12-284552291450}.Release|x86.Build.0 = Release|Any CPU
		{914BA3DC-73CD-4F6F-B4C2-9F8CCD978AD9}.Debug|Any CPU.ActiveCfg = Debug|Any CPU
		{914BA3DC-73CD-4F6F-B4C2-9F8CCD978AD9}.Debug|Any CPU.Build.0 = Debug|Any CPU
		{914BA3DC-73CD-4F6F-B4C2-9F8CCD978AD9}.Debug|x64.ActiveCfg = Debug|Any CPU
		{914BA3DC-73CD-4F6F-B4C2-9F8CCD978AD9}.Debug|x64.Build.0 = Debug|Any CPU
		{914BA3DC-73CD-4F6F-B4C2-9F8CCD978AD9}.Debug|x86.ActiveCfg = Debug|Any CPU
		{914BA3DC-73CD-4F6F-B4C2-9F8CCD978AD9}.Debug|x86.Build.0 = Debug|Any CPU
		{914BA3DC-73CD-4F6F-B4C2-9F8CCD978AD9}.Release|Any CPU.ActiveCfg = Release|Any CPU
		{914BA3DC-73CD-4F6F-B4C2-9F8CCD978AD9}.Release|Any CPU.Build.0 = Release|Any CPU
		{914BA3DC-73CD-4F6F-B4C2-9F8CCD978AD9}.Release|x64.ActiveCfg = Release|Any CPU
		{914BA3DC-73CD-4F6F-B4C2-9F8CCD978AD9}.Release|x64.Build.0 = Release|Any CPU
		{914BA3DC-73CD-4F6F-B4C2-9F8CCD978AD9}.Release|x86.ActiveCfg = Release|Any CPU
		{914BA3DC-73CD-4F6F-B4C2-9F8CCD978AD9}.Release|x86.Build.0 = Release|Any CPU
	EndGlobalSection
EndGlobal
